
Microsoft Visual Studio Solution File, Format Version 12.00
# Visual Studio Version 17
VisualStudioVersion = 17.13.35931.197
MinimumVisualStudioVersion = 10.0.40219.1
Project("{2150E333-8FDC-42A3-9474-1A3956D46DE8}") = "Services", "Services", "{02EA681E-C7D8-13C7-8484-4AC65E1B71E8}"
EndProject
Project("{2150E333-8FDC-42A3-9474-1A3956D46DE8}") = "Catalog", "Catalog", "{BD00E2E6-2C41-41FF-AB8B-9020AC193F6F}"
EndProject
Project("{FAE04EC0-301F-11D3-BF4B-00C04F79EFBC}") = "MultiShop.Catalog", "Services\Catalog\MultiShop.Catalog\MultiShop.Catalog.csproj", "{7BE9B71F-BC5F-4669-87E6-8BDC91856DB5}"
EndProject
Project("{2150E333-8FDC-42A3-9474-1A3956D46DE8}") = "Discount", "Discount", "{8CE86D60-8172-4D7A-BF00-BCB0C9B7ECED}"
EndProject
Project("{FAE04EC0-301F-11D3-BF4B-00C04F79EFBC}") = "MultiShop.Discount", "Services\Discount\MultiShop.Discount\MultiShop.Discount.csproj", "{94B0A874-50FC-4F4F-BAC2-899D7BD2746B}"
EndProject
Project("{2150E333-8FDC-42A3-9474-1A3956D46DE8}") = "Order", "Order", "{D76D68F8-1226-4CB7-A6AA-2E97DF92C386}"
EndProject
Project("{2150E333-8FDC-42A3-9474-1A3956D46DE8}") = "Core", "Core", "{FB88A334-8BBF-4640-BB69-FF8A35321E28}"
EndProject
Project("{2150E333-8FDC-42A3-9474-1A3956D46DE8}") = "Infrastructure", "Infrastructure", "{E08939E8-245B-4914-BEF6-AA02C47CAE94}"
EndProject
Project("{2150E333-8FDC-42A3-9474-1A3956D46DE8}") = "Presentation", "Presentation", "{7B7C137E-5661-4668-9077-DC2C6F686320}"
EndProject
Project("{FAE04EC0-301F-11D3-BF4B-00C04F79EFBC}") = "MultiShop.Order.Domain", "Services\Order\Core\MultiShop.Order.Domain\MultiShop.Order.Domain.csproj", "{F21FA22B-9393-4C07-BE97-92FB73667868}"
EndProject
Project("{FAE04EC0-301F-11D3-BF4B-00C04F79EFBC}") = "MultiShop.Order.Application", "Services\Order\Core\MultiShop.Order.Application\MultiShop.Order.Application.csproj", "{2A36893D-3FEC-4A87-AD8C-4008BBB4FECC}"
EndProject
Project("{FAE04EC0-301F-11D3-BF4B-00C04F79EFBC}") = "MultiShop.Order.Persistence", "Services\Order\Infrastructure\MultiShop.Order.Persistence\MultiShop.Order.Persistence.csproj", "{30D7B963-3500-4B0F-8E23-38E3F030A371}"
EndProject
Project("{FAE04EC0-301F-11D3-BF4B-00C04F79EFBC}") = "MultiShop.Order.WebApi", "Services\Order\Presentation\MultiShop.Order.WebApi\MultiShop.Order.WebApi.csproj", "{543A4C6D-AAA0-424A-B710-19048CB44593}"
EndProject
Project("{2150E333-8FDC-42A3-9474-1A3956D46DE8}") = "IdentityServer", "IdentityServer", "{C667C21B-90A2-4ECC-8BEF-6E24D26375C0}"
EndProject
Project("{FAE04EC0-301F-11D3-BF4B-00C04F79EFBC}") = "MultiShop.IdentityServer", "MultiShop.IdentityServer\MultiShop.IdentityServer.csproj", "{D970CA6D-ACFD-2D68-F6AB-63BC3262B23E}"
EndProject
Project("{2150E333-8FDC-42A3-9474-1A3956D46DE8}") = "Cargo", "Cargo", "{EC924E53-7776-418E-867C-CADA28FF661B}"
EndProject
Project("{FAE04EC0-301F-11D3-BF4B-00C04F79EFBC}") = "MultiShop.Cargo.EntityLayer", "Services\Cargo\MultiShop.Cargo.EntityLayer\MultiShop.Cargo.EntityLayer.csproj", "{49602A19-BC9E-45A3-965D-44DB07B6FFCE}"
EndProject
Project("{FAE04EC0-301F-11D3-BF4B-00C04F79EFBC}") = "MultiShop.Cargo.BusinessLayer", "Services\Cargo\MultiShop.Cargo.BusinessLayer\MultiShop.Cargo.BusinessLayer.csproj", "{7542C6F3-5AEB-418D-971C-6F11CBEF4523}"
EndProject
Project("{FAE04EC0-301F-11D3-BF4B-00C04F79EFBC}") = "MultiShop.Cargo.DataAccessLayer", "Services\Cargo\MultiShop.Cargo.DataAccessLayer\MultiShop.Cargo.DataAccessLayer.csproj", "{3BDC9032-CC23-4921-815B-92CB6B0F5918}"
EndProject
Project("{FAE04EC0-301F-11D3-BF4B-00C04F79EFBC}") = "MultiShop.Cargo.DtoLayer", "Services\Cargo\MultiShop.Cargo.DtoLayer\MultiShop.Cargo.DtoLayer.csproj", "{13CCA7CF-56F8-4359-B232-9844DE3A58A6}"
EndProject
Project("{FAE04EC0-301F-11D3-BF4B-00C04F79EFBC}") = "MultiShop.Cargo.WebApi", "Services\Cargo\MultiShop.Cargo.WebApi\MultiShop.Cargo.WebApi.csproj", "{98D9B6DE-0FDA-402F-9E40-42226943B373}"
EndProject
Project("{2150E333-8FDC-42A3-9474-1A3956D46DE8}") = "Basket", "Basket", "{498FEB01-B65B-4D2A-AAC6-D259254B50C8}"
EndProject
Project("{FAE04EC0-301F-11D3-BF4B-00C04F79EFBC}") = "MultiShop.Basket", "Services\Basket\MultiShop.Basket\MultiShop.Basket.csproj", "{8CED94B4-42C2-4773-AD4B-A7C84109153E}"
EndProject
Global
	GlobalSection(SolutionConfigurationPlatforms) = preSolution
		Debug|Any CPU = Debug|Any CPU
		Release|Any CPU = Release|Any CPU
	EndGlobalSection
	GlobalSection(ProjectConfigurationPlatforms) = postSolution
		{7BE9B71F-BC5F-4669-87E6-8BDC91856DB5}.Debug|Any CPU.ActiveCfg = Debug|Any CPU
		{7BE9B71F-BC5F-4669-87E6-8BDC91856DB5}.Debug|Any CPU.Build.0 = Debug|Any CPU
		{7BE9B71F-BC5F-4669-87E6-8BDC91856DB5}.Release|Any CPU.ActiveCfg = Release|Any CPU
		{7BE9B71F-BC5F-4669-87E6-8BDC91856DB5}.Release|Any CPU.Build.0 = Release|Any CPU
		{94B0A874-50FC-4F4F-BAC2-899D7BD2746B}.Debug|Any CPU.ActiveCfg = Debug|Any CPU
		{94B0A874-50FC-4F4F-BAC2-899D7BD2746B}.Debug|Any CPU.Build.0 = Debug|Any CPU
		{94B0A874-50FC-4F4F-BAC2-899D7BD2746B}.Release|Any CPU.ActiveCfg = Release|Any CPU
		{94B0A874-50FC-4F4F-BAC2-899D7BD2746B}.Release|Any CPU.Build.0 = Release|Any CPU
		{F21FA22B-9393-4C07-BE97-92FB73667868}.Debug|Any CPU.ActiveCfg = Debug|Any CPU
		{F21FA22B-9393-4C07-BE97-92FB73667868}.Debug|Any CPU.Build.0 = Debug|Any CPU
		{F21FA22B-9393-4C07-BE97-92FB73667868}.Release|Any CPU.ActiveCfg = Release|Any CPU
		{F21FA22B-9393-4C07-BE97-92FB73667868}.Release|Any CPU.Build.0 = Release|Any CPU
		{2A36893D-3FEC-4A87-AD8C-4008BBB4FECC}.Debug|Any CPU.ActiveCfg = Debug|Any CPU
		{2A36893D-3FEC-4A87-AD8C-4008BBB4FECC}.Debug|Any CPU.Build.0 = Debug|Any CPU
		{2A36893D-3FEC-4A87-AD8C-4008BBB4FECC}.Release|Any CPU.ActiveCfg = Release|Any CPU
		{2A36893D-3FEC-4A87-AD8C-4008BBB4FECC}.Release|Any CPU.Build.0 = Release|Any CPU
		{30D7B963-3500-4B0F-8E23-38E3F030A371}.Debug|Any CPU.ActiveCfg = Debug|Any CPU
		{30D7B963-3500-4B0F-8E23-38E3F030A371}.Debug|Any CPU.Build.0 = Debug|Any CPU
		{30D7B963-3500-4B0F-8E23-38E3F030A371}.Release|Any CPU.ActiveCfg = Release|Any CPU
		{30D7B963-3500-4B0F-8E23-38E3F030A371}.Release|Any CPU.Build.0 = Release|Any CPU
		{543A4C6D-AAA0-424A-B710-19048CB44593}.Debug|Any CPU.ActiveCfg = Debug|Any CPU
		{543A4C6D-AAA0-424A-B710-19048CB44593}.Debug|Any CPU.Build.0 = Debug|Any CPU
		{543A4C6D-AAA0-424A-B710-19048CB44593}.Release|Any CPU.ActiveCfg = Release|Any CPU
		{543A4C6D-AAA0-424A-B710-19048CB44593}.Release|Any CPU.Build.0 = Release|Any CPU
		{D970CA6D-ACFD-2D68-F6AB-63BC3262B23E}.Debug|Any CPU.ActiveCfg = Debug|Any CPU
		{D970CA6D-ACFD-2D68-F6AB-63BC3262B23E}.Debug|Any CPU.Build.0 = Debug|Any CPU
		{D970CA6D-ACFD-2D68-F6AB-63BC3262B23E}.Release|Any CPU.ActiveCfg = Release|Any CPU
		{D970CA6D-ACFD-2D68-F6AB-63BC3262B23E}.Release|Any CPU.Build.0 = Release|Any CPU
		{49602A19-BC9E-45A3-965D-44DB07B6FFCE}.Debug|Any CPU.ActiveCfg = Debug|Any CPU
		{49602A19-BC9E-45A3-965D-44DB07B6FFCE}.Debug|Any CPU.Build.0 = Debug|Any CPU
		{49602A19-BC9E-45A3-965D-44DB07B6FFCE}.Release|Any CPU.ActiveCfg = Release|Any CPU
		{49602A19-BC9E-45A3-965D-44DB07B6FFCE}.Release|Any CPU.Build.0 = Release|Any CPU
		{7542C6F3-5AEB-418D-971C-6F11CBEF4523}.Debug|Any CPU.ActiveCfg = Debug|Any CPU
		{7542C6F3-5AEB-418D-971C-6F11CBEF4523}.Debug|Any CPU.Build.0 = Debug|Any CPU
		{7542C6F3-5AEB-418D-971C-6F11CBEF4523}.Release|Any CPU.ActiveCfg = Release|Any CPU
		{7542C6F3-5AEB-418D-971C-6F11CBEF4523}.Release|Any CPU.Build.0 = Release|Any CPU
		{3BDC9032-CC23-4921-815B-92CB6B0F5918}.Debug|Any CPU.ActiveCfg = Debug|Any CPU
		{3BDC9032-CC23-4921-815B-92CB6B0F5918}.Debug|Any CPU.Build.0 = Debug|Any CPU
		{3BDC9032-CC23-4921-815B-92CB6B0F5918}.Release|Any CPU.ActiveCfg = Release|Any CPU
		{3BDC9032-CC23-4921-815B-92CB6B0F5918}.Release|Any CPU.Build.0 = Release|Any CPU
		{13CCA7CF-56F8-4359-B232-9844DE3A58A6}.Debug|Any CPU.ActiveCfg = Debug|Any CPU
		{13CCA7CF-56F8-4359-B232-9844DE3A58A6}.Debug|Any CPU.Build.0 = Debug|Any CPU
		{13CCA7CF-56F8-4359-B232-9844DE3A58A6}.Release|Any CPU.ActiveCfg = Release|Any CPU
		{13CCA7CF-56F8-4359-B232-9844DE3A58A6}.Release|Any CPU.Build.0 = Release|Any CPU
		{98D9B6DE-0FDA-402F-9E40-42226943B373}.Debug|Any CPU.ActiveCfg = Debug|Any CPU
		{98D9B6DE-0FDA-402F-9E40-42226943B373}.Debug|Any CPU.Build.0 = Debug|Any CPU
		{98D9B6DE-0FDA-402F-9E40-42226943B373}.Release|Any CPU.ActiveCfg = Release|Any CPU
		{98D9B6DE-0FDA-402F-9E40-42226943B373}.Release|Any CPU.Build.0 = Release|Any CPU
		{8CED94B4-42C2-4773-AD4B-A7C84109153E}.Debug|Any CPU.ActiveCfg = Debug|Any CPU
		{8CED94B4-42C2-4773-AD4B-A7C84109153E}.Debug|Any CPU.Build.0 = Debug|Any CPU
		{8CED94B4-42C2-4773-AD4B-A7C84109153E}.Release|Any CPU.ActiveCfg = Release|Any CPU
		{8CED94B4-42C2-4773-AD4B-A7C84109153E}.Release|Any CPU.Build.0 = Release|Any CPU
	EndGlobalSection
	GlobalSection(SolutionProperties) = preSolution
		HideSolutionNode = FALSE
	EndGlobalSection
	GlobalSection(NestedProjects) = preSolution
		{BD00E2E6-2C41-41FF-AB8B-9020AC193F6F} = {02EA681E-C7D8-13C7-8484-4AC65E1B71E8}
		{7BE9B71F-BC5F-4669-87E6-8BDC91856DB5} = {BD00E2E6-2C41-41FF-AB8B-9020AC193F6F}
		{8CE86D60-8172-4D7A-BF00-BCB0C9B7ECED} = {02EA681E-C7D8-13C7-8484-4AC65E1B71E8}
		{94B0A874-50FC-4F4F-BAC2-899D7BD2746B} = {8CE86D60-8172-4D7A-BF00-BCB0C9B7ECED}
		{D76D68F8-1226-4CB7-A6AA-2E97DF92C386} = {02EA681E-C7D8-13C7-8484-4AC65E1B71E8}
		{FB88A334-8BBF-4640-BB69-FF8A35321E28} = {D76D68F8-1226-4CB7-A6AA-2E97DF92C386}
		{E08939E8-245B-4914-BEF6-AA02C47CAE94} = {D76D68F8-1226-4CB7-A6AA-2E97DF92C386}
		{7B7C137E-5661-4668-9077-DC2C6F686320} = {D76D68F8-1226-4CB7-A6AA-2E97DF92C386}
		{F21FA22B-9393-4C07-BE97-92FB73667868} = {FB88A334-8BBF-4640-BB69-FF8A35321E28}
		{2A36893D-3FEC-4A87-AD8C-4008BBB4FECC} = {FB88A334-8BBF-4640-BB69-FF8A35321E28}
		{30D7B963-3500-4B0F-8E23-38E3F030A371} = {E08939E8-245B-4914-BEF6-AA02C47CAE94}
		{543A4C6D-AAA0-424A-B710-19048CB44593} = {7B7C137E-5661-4668-9077-DC2C6F686320}
		{D970CA6D-ACFD-2D68-F6AB-63BC3262B23E} = {C667C21B-90A2-4ECC-8BEF-6E24D26375C0}
		{EC924E53-7776-418E-867C-CADA28FF661B} = {02EA681E-C7D8-13C7-8484-4AC65E1B71E8}
		{49602A19-BC9E-45A3-965D-44DB07B6FFCE} = {EC924E53-7776-418E-867C-CADA28FF661B}
		{7542C6F3-5AEB-418D-971C-6F11CBEF4523} = {EC924E53-7776-418E-867C-CADA28FF661B}
		{3BDC9032-CC23-4921-815B-92CB6B0F5918} = {EC924E53-7776-418E-867C-CADA28FF661B}
		{13CCA7CF-56F8-4359-B232-9844DE3A58A6} = {EC924E53-7776-418E-867C-CADA28FF661B}
		{98D9B6DE-0FDA-402F-9E40-42226943B373} = {EC924E53-7776-418E-867C-CADA28FF661B}
		{498FEB01-B65B-4D2A-AAC6-D259254B50C8} = {02EA681E-C7D8-13C7-8484-4AC65E1B71E8}
		{8CED94B4-42C2-4773-AD4B-A7C84109153E} = {498FEB01-B65B-4D2A-AAC6-D259254B50C8}
	EndGlobalSection
	GlobalSection(ExtensibilityGlobals) = postSolution
		SolutionGuid = {7382C60C-8B3F-4A06-AE60-88ABFE8FC9DC}
	EndGlobalSection
EndGlobal
